
Microsoft Visual Studio Solution File, Format Version 12.00
# Visual Studio Version 17
VisualStudioVersion = 17.5.33424.131
MinimumVisualStudioVersion = 10.0.40219.1
Project("{8BC9CEB8-8B4A-11D0-8D11-00A0C91BC942}") = "Fibonacci_Series", "Fibonacci_Series\Fibonacci_Series.vcxproj", "{F09D178A-6743-4D10-9783-23933A29D29E}"
EndProject
Global
	GlobalSection(SolutionConfigurationPlatforms) = preSolution
		Debug|x64 = Debug|x64
		Debug|x86 = Debug|x86
		Release|x64 = Release|x64
		Release|x86 = Release|x86
	EndGlobalSection
	GlobalSection(ProjectConfigurationPlatforms) = postSolution
		{F09D178A-6743-4D10-9783-23933A29D29E}.Debug|x64.ActiveCfg = Debug|x64
		{F09D178A-6743-4D10-9783-23933A29D29E}.Debug|x64.Build.0 = Debug|x64
		{F09D178A-6743-4D10-9783-23933A29D29E}.Debug|x86.ActiveCfg = Debug|Win32
		{F09D178A-6743-4D10-9783-23933A29D29E}.Debug|x86.Build.0 = Debug|Win32
		{F09D178A-6743-4D10-9783-23933A29D29E}.Release|x64.ActiveCfg = Release|x64
		{F09D178A-6743-4D10-9783-23933A29D29E}.Release|x64.Build.0 = Release|x64
		{F09D178A-6743-4D10-9783-23933A29D29E}.Release|x86.ActiveCfg = Release|Win32
		{F09D178A-6743-4D10-9783-23933A29D29E}.Release|x86.Build.0 = Release|Win32
	EndGlobalSection
	GlobalSection(SolutionProperties) = preSolution
		HideSolutionNode = FALSE
	EndGlobalSection
	GlobalSection(ExtensibilityGlobals) = postSolution
		SolutionGuid = {5B904084-8A26-4042-B446-80DAAE793389}
	EndGlobalSection
EndGlobal
